
Microsoft Visual Studio Solution File, Format Version 12.00
# Visual Studio Version 16
VisualStudioVersion = 16.0.31105.61
MinimumVisualStudioVersion = 10.0.40219.1
Project("{9A19103F-16F7-4668-BE54-9A1E7A4F7556}") = "SMWebApp", "SMWebApp\SMWebApp.csproj", "{3FCF1D15-5884-4B0F-9A74-FEE35ADD8AD6}"
EndProject
Project("{9A19103F-16F7-4668-BE54-9A1E7A4F7556}") = "UseCases", "UseCases\UseCases.csproj", "{3733736C-B424-44A8-8452-39789AE93A95}"
EndProject
Project("{9A19103F-16F7-4668-BE54-9A1E7A4F7556}") = "CoreBusiness", "CoreBusiness\CoreBusiness.csproj", "{ABE6645C-5C68-46FF-A2B8-78A92A48F1C3}"
EndProject
Project("{9A19103F-16F7-4668-BE54-9A1E7A4F7556}") = "DataInMemory", "Data\DataInMemory.csproj", "{7B88E63E-C596-4A2A-ABEA-E5F7E6EC7C99}"
EndProject
Global
	GlobalSection(SolutionConfigurationPlatforms) = preSolution
		Debug|Any CPU = Debug|Any CPU
		Release|Any CPU = Release|Any CPU
	EndGlobalSection
	GlobalSection(ProjectConfigurationPlatforms) = postSolution
		{3FCF1D15-5884-4B0F-9A74-FEE35ADD8AD6}.Debug|Any CPU.ActiveCfg = Debug|Any CPU
		{3FCF1D15-5884-4B0F-9A74-FEE35ADD8AD6}.Debug|Any CPU.Build.0 = Debug|Any CPU
		{3FCF1D15-5884-4B0F-9A74-FEE35ADD8AD6}.Release|Any CPU.ActiveCfg = Release|Any CPU
		{3FCF1D15-5884-4B0F-9A74-FEE35ADD8AD6}.Release|Any CPU.Build.0 = Release|Any CPU
		{3733736C-B424-44A8-8452-39789AE93A95}.Debug|Any CPU.ActiveCfg = Debug|Any CPU
		{3733736C-B424-44A8-8452-39789AE93A95}.Debug|Any CPU.Build.0 = Debug|Any CPU
		{3733736C-B424-44A8-8452-39789AE93A95}.Release|Any CPU.ActiveCfg = Release|Any CPU
		{3733736C-B424-44A8-8452-39789AE93A95}.Release|Any CPU.Build.0 = Release|Any CPU
		{ABE6645C-5C68-46FF-A2B8-78A92A48F1C3}.Debug|Any CPU.ActiveCfg = Debug|Any CPU
		{ABE6645C-5C68-46FF-A2B8-78A92A48F1C3}.Debug|Any CPU.Build.0 = Debug|Any CPU
		{ABE6645C-5C68-46FF-A2B8-78A92A48F1C3}.Release|Any CPU.ActiveCfg = Release|Any CPU
		{ABE6645C-5C68-46FF-A2B8-78A92A48F1C3}.Release|Any CPU.Build.0 = Release|Any CPU
		{7B88E63E-C596-4A2A-ABEA-E5F7E6EC7C99}.Debug|Any CPU.ActiveCfg = Debug|Any CPU
		{7B88E63E-C596-4A2A-ABEA-E5F7E6EC7C99}.Debug|Any CPU.Build.0 = Debug|Any CPU
		{7B88E63E-C596-4A2A-ABEA-E5F7E6EC7C99}.Release|Any CPU.ActiveCfg = Release|Any CPU
		{7B88E63E-C596-4A2A-ABEA-E5F7E6EC7C99}.Release|Any CPU.Build.0 = Release|Any CPU
	EndGlobalSection
	GlobalSection(SolutionProperties) = preSolution
		HideSolutionNode = FALSE
	EndGlobalSection
	GlobalSection(ExtensibilityGlobals) = postSolution
		SolutionGuid = {DE807AB8-7FF7-4D64-94CA-ADC0421B05D3}
	EndGlobalSection
EndGlobal
